
Microsoft Visual Studio Solution File, Format Version 12.00
# Visual Studio Version 16
VisualStudioVersion = 16.0.31112.23
MinimumVisualStudioVersion = 10.0.40219.1
Project("{FAE04EC0-301F-11D3-BF4B-00C04F79EFBC}") = "GameQuiz", "GameQuiz\GameQuiz.csproj", "{9903DB22-2A26-4980-9CAF-D9099AB39258}"
EndProject
Global
	GlobalSection(SolutionConfigurationPlatforms) = preSolution
		Debug|Any CPU = Debug|Any CPU
		Release|Any CPU = Release|Any CPU
	EndGlobalSection
	GlobalSection(ProjectConfigurationPlatforms) = postSolution
		{9903DB22-2A26-4980-9CAF-D9099AB39258}.Debug|Any CPU.ActiveCfg = Debug|Any CPU
		{9903DB22-2A26-4980-9CAF-D9099AB39258}.Debug|Any CPU.Build.0 = Debug|Any CPU
		{9903DB22-2A26-4980-9CAF-D9099AB39258}.Release|Any CPU.ActiveCfg = Release|Any CPU
		{9903DB22-2A26-4980-9CAF-D9099AB39258}.Release|Any CPU.Build.0 = Release|Any CPU
	EndGlobalSection
	GlobalSection(SolutionProperties) = preSolution
		HideSolutionNode = FALSE
	EndGlobalSection
	GlobalSection(ExtensibilityGlobals) = postSolution
		SolutionGuid = {1D9D6207-E9BC-4C2B-A0E3-3575C16A13F6}
	EndGlobalSection
EndGlobal
